// !$*UTF8*$!
{
	archiveVersion = 1;
	classes = {
	};
	objectVersion = 51;
	objects = {

/* Begin PBXBuildFile section */
		B3B19EB88203A24BBB80AE27 /* Pods_WiseBookLife.framework in Frameworks */ = {isa = PBXBuildFile; fileRef = E8872CF7F0EFDD4D3074F6CB /* Pods_WiseBookLife.framework */; };
		B5001AAA278F13FB00219175 /* ExportManagerViewController.swift in Sources */ = {isa = PBXBuildFile; fileRef = B5001AA9278F13FB00219175 /* ExportManagerViewController.swift */; };
		B5001AAC278F140D00219175 /* ExportManagerViewController.storyboard in Resources */ = {isa = PBXBuildFile; fileRef = B5001AAB278F140D00219175 /* ExportManagerViewController.storyboard */; };
		B50D93F725C82FA100AAED67 /* DatabaseManager.swift in Sources */ = {isa = PBXBuildFile; fileRef = B50D93F625C82FA100AAED67 /* DatabaseManager.swift */; };
		B52C453925FA5AFA00EED195 /* AddRecordViewController.swift in Sources */ = {isa = PBXBuildFile; fileRef = B52C453825FA5AFA00EED195 /* AddRecordViewController.swift */; };
		B52C453C25FA5B0C00EED195 /* AddRecordViewController.storyboard in Resources */ = {isa = PBXBuildFile; fileRef = B52C453B25FA5B0C00EED195 /* AddRecordViewController.storyboard */; };
		B536B8E824BEF9EC005D2F6B /* SelectView.swift in Sources */ = {isa = PBXBuildFile; fileRef = B536B8E724BEF9EC005D2F6B /* SelectView.swift */; };
		B536B8EA24BEF9F9005D2F6B /* SelectView.xib in Resources */ = {isa = PBXBuildFile; fileRef = B536B8E924BEF9F9005D2F6B /* SelectView.xib */; };
		B55308CD29584A72001977B5 /* UIViewController+PresentAlert.swift in Sources */ = {isa = PBXBuildFile; fileRef = B55308CC29584A72001977B5 /* UIViewController+PresentAlert.swift */; };
		B55308D329588957001977B5 /* NSObject+Name.swift in Sources */ = {isa = PBXBuildFile; fileRef = B55308D229588957001977B5 /* NSObject+Name.swift */; };
		B55308D52958A55C001977B5 /* CommonCellDelegate.swift in Sources */ = {isa = PBXBuildFile; fileRef = B55308D42958A55C001977B5 /* CommonCellDelegate.swift */; };
		B55308D92958A9B7001977B5 /* NSObject+LoadViewController.swift in Sources */ = {isa = PBXBuildFile; fileRef = B55308D82958A9B7001977B5 /* NSObject+LoadViewController.swift */; };
		B55A72C72955DC67003E5CD1 /* SearchRepository.swift in Sources */ = {isa = PBXBuildFile; fileRef = B55A72C62955DC67003E5CD1 /* SearchRepository.swift */; };
		B55A72CB2955E2A8003E5CD1 /* MainSearchViewModel.swift in Sources */ = {isa = PBXBuildFile; fileRef = B55A72CA2955E2A8003E5CD1 /* MainSearchViewModel.swift */; };
		B55A72CE2955E34E003E5CD1 /* SearchUseCases.swift in Sources */ = {isa = PBXBuildFile; fileRef = B55A72CD2955E34E003E5CD1 /* SearchUseCases.swift */; };
		B55A72D12956086E003E5CD1 /* MainSearchViewModelDelegate.swift in Sources */ = {isa = PBXBuildFile; fileRef = B55A72D02956086E003E5CD1 /* MainSearchViewModelDelegate.swift */; };
		B561165125D37B3A00C0D94B /* CalendarListViewController.swift in Sources */ = {isa = PBXBuildFile; fileRef = B561165025D37B3A00C0D94B /* CalendarListViewController.swift */; };
		B561165425D37B5300C0D94B /* CalendarListViewController.storyboard in Resources */ = {isa = PBXBuildFile; fileRef = B561165325D37B5300C0D94B /* CalendarListViewController.storyboard */; };
		B5616DD425EE83D900A0103E /* SelectDateController.swift in Sources */ = {isa = PBXBuildFile; fileRef = B5616DD325EE83D900A0103E /* SelectDateController.swift */; };
		B5616DD725EE83ED00A0103E /* SelectDateController.storyboard in Resources */ = {isa = PBXBuildFile; fileRef = B5616DD625EE83ED00A0103E /* SelectDateController.storyboard */; };
		B56380F827413B1200181008 /* Licenses.plist in Resources */ = {isa = PBXBuildFile; fileRef = B56380F727413B1200181008 /* Licenses.plist */; };
		B563D2BE26C9749200C0ACFD /* BaseTabBarController.swift in Sources */ = {isa = PBXBuildFile; fileRef = B563D2BD26C9749200C0ACFD /* BaseTabBarController.swift */; };
		B56B972624DFB96C00347D11 /* MainSearchResultViewController.swift in Sources */ = {isa = PBXBuildFile; fileRef = B56B972524DFB96C00347D11 /* MainSearchResultViewController.swift */; };
		B56B972824DFB97800347D11 /* MainSearchResultViewController.storyboard in Resources */ = {isa = PBXBuildFile; fileRef = B56B972724DFB97800347D11 /* MainSearchResultViewController.storyboard */; };
		B572CE8A24A0831D00702C6E /* MyLibraryViewController.swift in Sources */ = {isa = PBXBuildFile; fileRef = B572CE8924A0831D00702C6E /* MyLibraryViewController.swift */; };
		B572CE8E24A0908200702C6E /* RecordCell.swift in Sources */ = {isa = PBXBuildFile; fileRef = B572CE8D24A0908200702C6E /* RecordCell.swift */; };
		B57883D824ACC86C00B8D1F0 /* CommonCell.swift in Sources */ = {isa = PBXBuildFile; fileRef = B57883D624ACC86C00B8D1F0 /* CommonCell.swift */; };
		B57883D924ACC86C00B8D1F0 /* CommonCell.xib in Resources */ = {isa = PBXBuildFile; fileRef = B57883D724ACC86C00B8D1F0 /* CommonCell.xib */; };
		B57D47302693360600ADCADE /* UIViewController+FooterView.swift in Sources */ = {isa = PBXBuildFile; fileRef = B57D472F2693360600ADCADE /* UIViewController+FooterView.swift */; };
		B5909C8E25E7551400AC401A /* SettingsController.swift in Sources */ = {isa = PBXBuildFile; fileRef = B5909C8D25E7551400AC401A /* SettingsController.swift */; };
		B5909C9325E78C6E00AC401A /* AppInfoViewController.swift in Sources */ = {isa = PBXBuildFile; fileRef = B5909C9225E78C6E00AC401A /* AppInfoViewController.swift */; };
		B59D832424C0215200797D5F /* DetailRecViewController.swift in Sources */ = {isa = PBXBuildFile; fileRef = B59D832324C0215200797D5F /* DetailRecViewController.swift */; };
		B59D832624C0215F00797D5F /* DetailRecVC.storyboard in Resources */ = {isa = PBXBuildFile; fileRef = B59D832524C0215F00797D5F /* DetailRecVC.storyboard */; };
		B5A4AD6225CE69A900DBE58C /* MainPageViewController.swift in Sources */ = {isa = PBXBuildFile; fileRef = B5A4AD6125CE69A900DBE58C /* MainPageViewController.swift */; };
		B5A4AD6A25CE70D800DBE58C /* CalendarController.swift in Sources */ = {isa = PBXBuildFile; fileRef = B5A4AD6925CE70D800DBE58C /* CalendarController.swift */; };
		B5A6F42824F3904F0048000E /* BookDetailViewController.swift in Sources */ = {isa = PBXBuildFile; fileRef = B5A6F42724F3904F0048000E /* BookDetailViewController.swift */; };
		B5A6F42C24F390D30048000E /* BookDetailViewController.storyboard in Resources */ = {isa = PBXBuildFile; fileRef = B5A6F42B24F390D30048000E /* BookDetailViewController.storyboard */; };
		B5AFB9F724A360370072DAD8 /* HeartListViewController.swift in Sources */ = {isa = PBXBuildFile; fileRef = B5AFB9F624A360370072DAD8 /* HeartListViewController.swift */; };
		B5B3F31A25B2CC3800A3CC14 /* ApplicationInfo.plist in Resources */ = {isa = PBXBuildFile; fileRef = B5B3F31925B2CC3800A3CC14 /* ApplicationInfo.plist */; };
		B5BB789B295568C700396E66 /* NetworkManager.swift in Sources */ = {isa = PBXBuildFile; fileRef = B5BB789A295568C700396E66 /* NetworkManager.swift */; };
		B5BB789F295579A100396E66 /* NetworkError.swift in Sources */ = {isa = PBXBuildFile; fileRef = B5BB789E295579A100396E66 /* NetworkError.swift */; };
		B5BB78A12955845E00396E66 /* HTTPMethod.swift in Sources */ = {isa = PBXBuildFile; fileRef = B5BB78A02955845E00396E66 /* HTTPMethod.swift */; };
		B5BB78A529558DEB00396E66 /* SearchRemoteRepository.swift in Sources */ = {isa = PBXBuildFile; fileRef = B5BB78A429558DEB00396E66 /* SearchRemoteRepository.swift */; };
		B5BB78A829559E4B00396E66 /* Endpoint.swift in Sources */ = {isa = PBXBuildFile; fileRef = B5BB78A729559E4B00396E66 /* Endpoint.swift */; };
		B5D190AB24A4A78200F1DCDB /* AddBookViewController.swift in Sources */ = {isa = PBXBuildFile; fileRef = B5D190AA24A4A78200F1DCDB /* AddBookViewController.swift */; };
		B5D190AD24A4A78E00F1DCDB /* AddBookViewController.storyboard in Resources */ = {isa = PBXBuildFile; fileRef = B5D190AC24A4A78E00F1DCDB /* AddBookViewController.storyboard */; };
		B5D2346725E7C7F5004AC964 /* AppInfoViewController.storyboard in Resources */ = {isa = PBXBuildFile; fileRef = B5D2346625E7C7F5004AC964 /* AppInfoViewController.storyboard */; };
		B5D5C0F6295B00A1005D6341 /* UIColor+Primary.swift in Sources */ = {isa = PBXBuildFile; fileRef = B5D5C0F5295B00A1005D6341 /* UIColor+Primary.swift */; };
		B5E870D32843429700FB0E3D /* HeartContent.swift in Sources */ = {isa = PBXBuildFile; fileRef = B5E870D22843429700FB0E3D /* HeartContent.swift */; };
		B5E870D5284342E100FB0E3D /* BookInfoResponseDTO.swift in Sources */ = {isa = PBXBuildFile; fileRef = B5E870D4284342E100FB0E3D /* BookInfoResponseDTO.swift */; };
		B5E870D72843432100FB0E3D /* BookInfo.swift in Sources */ = {isa = PBXBuildFile; fileRef = B5E870D62843432100FB0E3D /* BookInfo.swift */; };
		B5E870D9284343BB00FB0E3D /* RecordContent.swift in Sources */ = {isa = PBXBuildFile; fileRef = B5E870D8284343BB00FB0E3D /* RecordContent.swift */; };
		B5E870DB28434D5700FB0E3D /* SearchResponseDTO.swift in Sources */ = {isa = PBXBuildFile; fileRef = B5E870DA28434D5700FB0E3D /* SearchResponseDTO.swift */; };
		B5E870DE28434D8F00FB0E3D /* Date+Formatter.swift in Sources */ = {isa = PBXBuildFile; fileRef = B5E870DD28434D8F00FB0E3D /* Date+Formatter.swift */; };
		B5E870E028434DBD00FB0E3D /* Dictionary+QueryString.swift in Sources */ = {isa = PBXBuildFile; fileRef = B5E870DF28434DBD00FB0E3D /* Dictionary+QueryString.swift */; };
		B5E870E228434DF600FB0E3D /* String+RemoveHTMLTag.swift in Sources */ = {isa = PBXBuildFile; fileRef = B5E870E128434DF600FB0E3D /* String+RemoveHTMLTag.swift */; };
		B5E870E4284352CB00FB0E3D /* NaverClientData.swift in Sources */ = {isa = PBXBuildFile; fileRef = B5E870E3284352CB00FB0E3D /* NaverClientData.swift */; };
		B5E870E82843536F00FB0E3D /* ImageDownloader.swift in Sources */ = {isa = PBXBuildFile; fileRef = B5E870E72843536F00FB0E3D /* ImageDownloader.swift */; };
		B5EDF2E3273C322B009F0F33 /* ShowLicenseController.swift in Sources */ = {isa = PBXBuildFile; fileRef = B5EDF2E2273C322B009F0F33 /* ShowLicenseController.swift */; };
		B5EDF2E5273C325F009F0F33 /* ShowLicenseController.storyboard in Resources */ = {isa = PBXBuildFile; fileRef = B5EDF2E4273C325F009F0F33 /* ShowLicenseController.storyboard */; };
		B5EF459825D1781D00165604 /* CustomCell.swift in Sources */ = {isa = PBXBuildFile; fileRef = B5EF459625D1781D00165604 /* CustomCell.swift */; };
		B5EF459925D1781D00165604 /* CustomCell.xib in Resources */ = {isa = PBXBuildFile; fileRef = B5EF459725D1781D00165604 /* CustomCell.xib */; };
		B5FA8DA9249F666B0009B24B /* AppDelegate.swift in Sources */ = {isa = PBXBuildFile; fileRef = B5FA8DA8249F666B0009B24B /* AppDelegate.swift */; };
		B5FA8DAB249F666B0009B24B /* SceneDelegate.swift in Sources */ = {isa = PBXBuildFile; fileRef = B5FA8DAA249F666B0009B24B /* SceneDelegate.swift */; };
		B5FA8DB0249F666B0009B24B /* Main.storyboard in Resources */ = {isa = PBXBuildFile; fileRef = B5FA8DAE249F666B0009B24B /* Main.storyboard */; };
		B5FA8DB2249F666B0009B24B /* Assets.xcassets in Resources */ = {isa = PBXBuildFile; fileRef = B5FA8DB1249F666B0009B24B /* Assets.xcassets */; };
		B5FA8DB5249F666B0009B24B /* LaunchScreen.storyboard in Resources */ = {isa = PBXBuildFile; fileRef = B5FA8DB3249F666B0009B24B /* LaunchScreen.storyboard */; };
/* End PBXBuildFile section */

/* Begin PBXFileReference section */
		7EDD8D23E795D42807E097AA /* Pods-WiseBookLife.release.xcconfig */ = {isa = PBXFileReference; includeInIndex = 1; lastKnownFileType = text.xcconfig; name = "Pods-WiseBookLife.release.xcconfig"; path = "Target Support Files/Pods-WiseBookLife/Pods-WiseBookLife.release.xcconfig"; sourceTree = "<group>"; };
		B5001AA9278F13FB00219175 /* ExportManagerViewController.swift */ = {isa = PBXFileReference; lastKnownFileType = sourcecode.swift; path = ExportManagerViewController.swift; sourceTree = "<group>"; };
		B5001AAB278F140D00219175 /* ExportManagerViewController.storyboard */ = {isa = PBXFileReference; lastKnownFileType = file.storyboard; path = ExportManagerViewController.storyboard; sourceTree = "<group>"; };
		B50D93F625C82FA100AAED67 /* DatabaseManager.swift */ = {isa = PBXFileReference; lastKnownFileType = sourcecode.swift; path = DatabaseManager.swift; sourceTree = "<group>"; };
		B52C453825FA5AFA00EED195 /* AddRecordViewController.swift */ = {isa = PBXFileReference; lastKnownFileType = sourcecode.swift; path = AddRecordViewController.swift; sourceTree = "<group>"; };
		B52C453B25FA5B0C00EED195 /* AddRecordViewController.storyboard */ = {isa = PBXFileReference; lastKnownFileType = file.storyboard; path = AddRecordViewController.storyboard; sourceTree = "<group>"; };
		B536B8E724BEF9EC005D2F6B /* SelectView.swift */ = {isa = PBXFileReference; lastKnownFileType = sourcecode.swift; path = SelectView.swift; sourceTree = "<group>"; };
		B536B8E924BEF9F9005D2F6B /* SelectView.xib */ = {isa = PBXFileReference; lastKnownFileType = file.xib; path = SelectView.xib; sourceTree = "<group>"; };
		B55308CC29584A72001977B5 /* UIViewController+PresentAlert.swift */ = {isa = PBXFileReference; lastKnownFileType = sourcecode.swift; path = "UIViewController+PresentAlert.swift"; sourceTree = "<group>"; };
		B55308D229588957001977B5 /* NSObject+Name.swift */ = {isa = PBXFileReference; lastKnownFileType = sourcecode.swift; path = "NSObject+Name.swift"; sourceTree = "<group>"; };
		B55308D42958A55C001977B5 /* CommonCellDelegate.swift */ = {isa = PBXFileReference; lastKnownFileType = sourcecode.swift; path = CommonCellDelegate.swift; sourceTree = "<group>"; };
		B55308D82958A9B7001977B5 /* NSObject+LoadViewController.swift */ = {isa = PBXFileReference; lastKnownFileType = sourcecode.swift; path = "NSObject+LoadViewController.swift"; sourceTree = "<group>"; };
		B55A72C62955DC67003E5CD1 /* SearchRepository.swift */ = {isa = PBXFileReference; lastKnownFileType = sourcecode.swift; path = SearchRepository.swift; sourceTree = "<group>"; };
		B55A72CA2955E2A8003E5CD1 /* MainSearchViewModel.swift */ = {isa = PBXFileReference; lastKnownFileType = sourcecode.swift; path = MainSearchViewModel.swift; sourceTree = "<group>"; };
		B55A72CD2955E34E003E5CD1 /* SearchUseCases.swift */ = {isa = PBXFileReference; lastKnownFileType = sourcecode.swift; path = SearchUseCases.swift; sourceTree = "<group>"; };
		B55A72D02956086E003E5CD1 /* MainSearchViewModelDelegate.swift */ = {isa = PBXFileReference; lastKnownFileType = sourcecode.swift; path = MainSearchViewModelDelegate.swift; sourceTree = "<group>"; };
		B561165025D37B3A00C0D94B /* CalendarListViewController.swift */ = {isa = PBXFileReference; lastKnownFileType = sourcecode.swift; path = CalendarListViewController.swift; sourceTree = "<group>"; };
		B561165325D37B5300C0D94B /* CalendarListViewController.storyboard */ = {isa = PBXFileReference; lastKnownFileType = file.storyboard; path = CalendarListViewController.storyboard; sourceTree = "<group>"; };
		B5616DD325EE83D900A0103E /* SelectDateController.swift */ = {isa = PBXFileReference; lastKnownFileType = sourcecode.swift; path = SelectDateController.swift; sourceTree = "<group>"; };
		B5616DD625EE83ED00A0103E /* SelectDateController.storyboard */ = {isa = PBXFileReference; lastKnownFileType = file.storyboard; path = SelectDateController.storyboard; sourceTree = "<group>"; };
		B56380F727413B1200181008 /* Licenses.plist */ = {isa = PBXFileReference; lastKnownFileType = text.plist.xml; path = Licenses.plist; sourceTree = "<group>"; };
		B563D2BD26C9749200C0ACFD /* BaseTabBarController.swift */ = {isa = PBXFileReference; lastKnownFileType = sourcecode.swift; path = BaseTabBarController.swift; sourceTree = "<group>"; };
		B56B972524DFB96C00347D11 /* MainSearchResultViewController.swift */ = {isa = PBXFileReference; lastKnownFileType = sourcecode.swift; path = MainSearchResultViewController.swift; sourceTree = "<group>"; };
		B56B972724DFB97800347D11 /* MainSearchResultViewController.storyboard */ = {isa = PBXFileReference; lastKnownFileType = file.storyboard; path = MainSearchResultViewController.storyboard; sourceTree = "<group>"; };
		B572CE8924A0831D00702C6E /* MyLibraryViewController.swift */ = {isa = PBXFileReference; lastKnownFileType = sourcecode.swift; path = MyLibraryViewController.swift; sourceTree = "<group>"; };
		B572CE8D24A0908200702C6E /* RecordCell.swift */ = {isa = PBXFileReference; lastKnownFileType = sourcecode.swift; path = RecordCell.swift; sourceTree = "<group>"; };
		B57883D624ACC86C00B8D1F0 /* CommonCell.swift */ = {isa = PBXFileReference; lastKnownFileType = sourcecode.swift; path = CommonCell.swift; sourceTree = "<group>"; };
		B57883D724ACC86C00B8D1F0 /* CommonCell.xib */ = {isa = PBXFileReference; lastKnownFileType = file.xib; path = CommonCell.xib; sourceTree = "<group>"; };
		B57D472F2693360600ADCADE /* UIViewController+FooterView.swift */ = {isa = PBXFileReference; lastKnownFileType = sourcecode.swift; path = "UIViewController+FooterView.swift"; sourceTree = "<group>"; };
		B5909C8D25E7551400AC401A /* SettingsController.swift */ = {isa = PBXFileReference; lastKnownFileType = sourcecode.swift; path = SettingsController.swift; sourceTree = "<group>"; };
		B5909C9225E78C6E00AC401A /* AppInfoViewController.swift */ = {isa = PBXFileReference; lastKnownFileType = sourcecode.swift; path = AppInfoViewController.swift; sourceTree = "<group>"; };
		B59D832324C0215200797D5F /* DetailRecViewController.swift */ = {isa = PBXFileReference; lastKnownFileType = sourcecode.swift; path = DetailRecViewController.swift; sourceTree = "<group>"; };
		B59D832524C0215F00797D5F /* DetailRecVC.storyboard */ = {isa = PBXFileReference; lastKnownFileType = file.storyboard; path = DetailRecVC.storyboard; sourceTree = "<group>"; };
		B5A4AD6125CE69A900DBE58C /* MainPageViewController.swift */ = {isa = PBXFileReference; lastKnownFileType = sourcecode.swift; path = MainPageViewController.swift; sourceTree = "<group>"; };
		B5A4AD6925CE70D800DBE58C /* CalendarController.swift */ = {isa = PBXFileReference; lastKnownFileType = sourcecode.swift; path = CalendarController.swift; sourceTree = "<group>"; };
		B5A6F42724F3904F0048000E /* BookDetailViewController.swift */ = {isa = PBXFileReference; lastKnownFileType = sourcecode.swift; path = BookDetailViewController.swift; sourceTree = "<group>"; };
		B5A6F42B24F390D30048000E /* BookDetailViewController.storyboard */ = {isa = PBXFileReference; lastKnownFileType = file.storyboard; path = BookDetailViewController.storyboard; sourceTree = "<group>"; };
		B5AFB9F624A360370072DAD8 /* HeartListViewController.swift */ = {isa = PBXFileReference; lastKnownFileType = sourcecode.swift; path = HeartListViewController.swift; sourceTree = "<group>"; };
		B5B3F31925B2CC3800A3CC14 /* ApplicationInfo.plist */ = {isa = PBXFileReference; lastKnownFileType = text.plist.xml; path = ApplicationInfo.plist; sourceTree = "<group>"; };
		B5BB789A295568C700396E66 /* NetworkManager.swift */ = {isa = PBXFileReference; lastKnownFileType = sourcecode.swift; path = NetworkManager.swift; sourceTree = "<group>"; };
		B5BB789E295579A100396E66 /* NetworkError.swift */ = {isa = PBXFileReference; lastKnownFileType = sourcecode.swift; path = NetworkError.swift; sourceTree = "<group>"; };
		B5BB78A02955845E00396E66 /* HTTPMethod.swift */ = {isa = PBXFileReference; lastKnownFileType = sourcecode.swift; path = HTTPMethod.swift; sourceTree = "<group>"; };
		B5BB78A429558DEB00396E66 /* SearchRemoteRepository.swift */ = {isa = PBXFileReference; lastKnownFileType = sourcecode.swift; path = SearchRemoteRepository.swift; sourceTree = "<group>"; };
		B5BB78A729559E4B00396E66 /* Endpoint.swift */ = {isa = PBXFileReference; lastKnownFileType = sourcecode.swift; path = Endpoint.swift; sourceTree = "<group>"; };
		B5D190AA24A4A78200F1DCDB /* AddBookViewController.swift */ = {isa = PBXFileReference; lastKnownFileType = sourcecode.swift; path = AddBookViewController.swift; sourceTree = "<group>"; };
		B5D190AC24A4A78E00F1DCDB /* AddBookViewController.storyboard */ = {isa = PBXFileReference; lastKnownFileType = file.storyboard; path = AddBookViewController.storyboard; sourceTree = "<group>"; };
		B5D2346625E7C7F5004AC964 /* AppInfoViewController.storyboard */ = {isa = PBXFileReference; lastKnownFileType = file.storyboard; path = AppInfoViewController.storyboard; sourceTree = "<group>"; };
		B5D5C0F5295B00A1005D6341 /* UIColor+Primary.swift */ = {isa = PBXFileReference; lastKnownFileType = sourcecode.swift; path = "UIColor+Primary.swift"; sourceTree = "<group>"; };
		B5E870D22843429700FB0E3D /* HeartContent.swift */ = {isa = PBXFileReference; lastKnownFileType = sourcecode.swift; path = HeartContent.swift; sourceTree = "<group>"; };
		B5E870D4284342E100FB0E3D /* BookInfoResponseDTO.swift */ = {isa = PBXFileReference; lastKnownFileType = sourcecode.swift; path = BookInfoResponseDTO.swift; sourceTree = "<group>"; };
		B5E870D62843432100FB0E3D /* BookInfo.swift */ = {isa = PBXFileReference; lastKnownFileType = sourcecode.swift; path = BookInfo.swift; sourceTree = "<group>"; };
		B5E870D8284343BB00FB0E3D /* RecordContent.swift */ = {isa = PBXFileReference; lastKnownFileType = sourcecode.swift; path = RecordContent.swift; sourceTree = "<group>"; };
		B5E870DA28434D5700FB0E3D /* SearchResponseDTO.swift */ = {isa = PBXFileReference; lastKnownFileType = sourcecode.swift; path = SearchResponseDTO.swift; sourceTree = "<group>"; };
		B5E870DD28434D8F00FB0E3D /* Date+Formatter.swift */ = {isa = PBXFileReference; lastKnownFileType = sourcecode.swift; path = "Date+Formatter.swift"; sourceTree = "<group>"; };
		B5E870DF28434DBD00FB0E3D /* Dictionary+QueryString.swift */ = {isa = PBXFileReference; lastKnownFileType = sourcecode.swift; path = "Dictionary+QueryString.swift"; sourceTree = "<group>"; };
		B5E870E128434DF600FB0E3D /* String+RemoveHTMLTag.swift */ = {isa = PBXFileReference; lastKnownFileType = sourcecode.swift; path = "String+RemoveHTMLTag.swift"; sourceTree = "<group>"; };
		B5E870E3284352CB00FB0E3D /* NaverClientData.swift */ = {isa = PBXFileReference; lastKnownFileType = sourcecode.swift; path = NaverClientData.swift; sourceTree = "<group>"; };
		B5E870E72843536F00FB0E3D /* ImageDownloader.swift */ = {isa = PBXFileReference; lastKnownFileType = sourcecode.swift; path = ImageDownloader.swift; sourceTree = "<group>"; };
		B5EDF2E2273C322B009F0F33 /* ShowLicenseController.swift */ = {isa = PBXFileReference; lastKnownFileType = sourcecode.swift; path = ShowLicenseController.swift; sourceTree = "<group>"; };
		B5EDF2E4273C325F009F0F33 /* ShowLicenseController.storyboard */ = {isa = PBXFileReference; lastKnownFileType = file.storyboard; path = ShowLicenseController.storyboard; sourceTree = "<group>"; };
		B5EF459625D1781D00165604 /* CustomCell.swift */ = {isa = PBXFileReference; lastKnownFileType = sourcecode.swift; path = CustomCell.swift; sourceTree = "<group>"; };
		B5EF459725D1781D00165604 /* CustomCell.xib */ = {isa = PBXFileReference; lastKnownFileType = file.xib; path = CustomCell.xib; sourceTree = "<group>"; };
		B5FA8DA5249F666B0009B24B /* WiseBookLife.app */ = {isa = PBXFileReference; explicitFileType = wrapper.application; includeInIndex = 0; path = WiseBookLife.app; sourceTree = BUILT_PRODUCTS_DIR; };
		B5FA8DA8249F666B0009B24B /* AppDelegate.swift */ = {isa = PBXFileReference; lastKnownFileType = sourcecode.swift; path = AppDelegate.swift; sourceTree = "<group>"; };
		B5FA8DAA249F666B0009B24B /* SceneDelegate.swift */ = {isa = PBXFileReference; lastKnownFileType = sourcecode.swift; path = SceneDelegate.swift; sourceTree = "<group>"; };
		B5FA8DAF249F666B0009B24B /* Base */ = {isa = PBXFileReference; lastKnownFileType = file.storyboard; name = Base; path = Base.lproj/Main.storyboard; sourceTree = "<group>"; };
		B5FA8DB1249F666B0009B24B /* Assets.xcassets */ = {isa = PBXFileReference; lastKnownFileType = folder.assetcatalog; path = Assets.xcassets; sourceTree = "<group>"; };
		B5FA8DB4249F666B0009B24B /* Base */ = {isa = PBXFileReference; lastKnownFileType = file.storyboard; name = Base; path = Base.lproj/LaunchScreen.storyboard; sourceTree = "<group>"; };
		B5FA8DB6249F666B0009B24B /* Info.plist */ = {isa = PBXFileReference; lastKnownFileType = text.plist.xml; path = Info.plist; sourceTree = "<group>"; };
		E49A3D26278209CA641CEA66 /* Pods-WiseBookLife.debug.xcconfig */ = {isa = PBXFileReference; includeInIndex = 1; lastKnownFileType = text.xcconfig; name = "Pods-WiseBookLife.debug.xcconfig"; path = "Target Support Files/Pods-WiseBookLife/Pods-WiseBookLife.debug.xcconfig"; sourceTree = "<group>"; };
		E8872CF7F0EFDD4D3074F6CB /* Pods_WiseBookLife.framework */ = {isa = PBXFileReference; explicitFileType = wrapper.framework; includeInIndex = 0; path = Pods_WiseBookLife.framework; sourceTree = BUILT_PRODUCTS_DIR; };
/* End PBXFileReference section */

/* Begin PBXFrameworksBuildPhase section */
		B5FA8DA2249F666B0009B24B /* Frameworks */ = {
			isa = PBXFrameworksBuildPhase;
			buildActionMask = 2147483647;
			files = (
				B3B19EB88203A24BBB80AE27 /* Pods_WiseBookLife.framework in Frameworks */,
			);
			runOnlyForDeploymentPostprocessing = 0;
		};
/* End PBXFrameworksBuildPhase section */

/* Begin PBXGroup section */
		B55A72C82955E209003E5CD1 /* View */ = {
			isa = PBXGroup;
			children = (
				B56B972524DFB96C00347D11 /* MainSearchResultViewController.swift */,
				B56B972724DFB97800347D11 /* MainSearchResultViewController.storyboard */,
			);
			path = View;
			sourceTree = "<group>";
		};
		B55A72C92955E214003E5CD1 /* ViewModel */ = {
			isa = PBXGroup;
			children = (
				B55A72D02956086E003E5CD1 /* MainSearchViewModelDelegate.swift */,
				B55A72CA2955E2A8003E5CD1 /* MainSearchViewModel.swift */,
			);
			path = ViewModel;
			sourceTree = "<group>";
		};
		B55A72CC2955E337003E5CD1 /* UseCases */ = {
			isa = PBXGroup;
			children = (
				B55A72CF2955E36B003E5CD1 /* RecordScene */,
			);
			path = UseCases;
			sourceTree = "<group>";
		};
		B55A72CF2955E36B003E5CD1 /* RecordScene */ = {
			isa = PBXGroup;
			children = (
				B55A72CD2955E34E003E5CD1 /* SearchUseCases.swift */,
			);
			path = RecordScene;
			sourceTree = "<group>";
		};
		B56B972024DFB4DA00347D11 /* MainSearch */ = {
			isa = PBXGroup;
			children = (
				B55A72C92955E214003E5CD1 /* ViewModel */,
				B55A72C82955E209003E5CD1 /* View */,
			);
			path = MainSearch;
			sourceTree = "<group>";
		};
		B57BFFA525E210C8009780ED /* BookDetail */ = {
			isa = PBXGroup;
			children = (
				B55308D42958A55C001977B5 /* CommonCellDelegate.swift */,
				B57883D624ACC86C00B8D1F0 /* CommonCell.swift */,
				B57883D724ACC86C00B8D1F0 /* CommonCell.xib */,
				B5A6F42724F3904F0048000E /* BookDetailViewController.swift */,
				B5A6F42B24F390D30048000E /* BookDetailViewController.storyboard */,
			);
			path = BookDetail;
			sourceTree = "<group>";
		};
		B5909C9125E78B1300AC401A /* SettingsScene */ = {
			isa = PBXGroup;
			children = (
				B5909C8D25E7551400AC401A /* SettingsController.swift */,
				B5001AA9278F13FB00219175 /* ExportManagerViewController.swift */,
				B5001AAB278F140D00219175 /* ExportManagerViewController.storyboard */,
				B5909C9225E78C6E00AC401A /* AppInfoViewController.swift */,
				B5D2346625E7C7F5004AC964 /* AppInfoViewController.storyboard */,
				B5EDF2E2273C322B009F0F33 /* ShowLicenseController.swift */,
				B5EDF2E4273C325F009F0F33 /* ShowLicenseController.storyboard */,
				B56380F727413B1200181008 /* Licenses.plist */,
			);
			path = SettingsScene;
			sourceTree = "<group>";
		};
		B5A4AD6825CE70B600DBE58C /* RecordScene */ = {
			isa = PBXGroup;
			children = (
				B5D190A924A4A72E00F1DCDB /* MyLibrary */,
				B56B972024DFB4DA00347D11 /* MainSearch */,
				B57BFFA525E210C8009780ED /* BookDetail */,
				B572CE8D24A0908200702C6E /* RecordCell.swift */,
				B572CE8924A0831D00702C6E /* MyLibraryViewController.swift */,
				B5AFB9F624A360370072DAD8 /* HeartListViewController.swift */,
				B5EF459625D1781D00165604 /* CustomCell.swift */,
				B5EF459725D1781D00165604 /* CustomCell.xib */,
			);
			path = RecordScene;
			sourceTree = "<group>";
		};
		B5B3F31825B2CC0600A3CC14 /* ClientData */ = {
			isa = PBXGroup;
			children = (
				B5B3F31925B2CC3800A3CC14 /* ApplicationInfo.plist */,
			);
			path = ClientData;
			sourceTree = "<group>";
		};
		B5BB78942955516B00396E66 /* Resources */ = {
			isa = PBXGroup;
			children = (
				B5FA8DA8249F666B0009B24B /* AppDelegate.swift */,
				B5FA8DAA249F666B0009B24B /* SceneDelegate.swift */,
				B5FA8DB3249F666B0009B24B /* LaunchScreen.storyboard */,
				B5FA8DB1249F666B0009B24B /* Assets.xcassets */,
				B5FA8DB6249F666B0009B24B /* Info.plist */,
			);
			path = Resources;
			sourceTree = "<group>";
		};
		B5BB7895295552DC00396E66 /* Extensions */ = {
			isa = PBXGroup;
			children = (
				B55308D82958A9B7001977B5 /* NSObject+LoadViewController.swift */,
				B55308D229588957001977B5 /* NSObject+Name.swift */,
				B5E870DD28434D8F00FB0E3D /* Date+Formatter.swift */,
				B5E870DF28434DBD00FB0E3D /* Dictionary+QueryString.swift */,
				B5E870E128434DF600FB0E3D /* String+RemoveHTMLTag.swift */,
				B5D5C0F5295B00A1005D6341 /* UIColor+Primary.swift */,
				B57D472F2693360600ADCADE /* UIViewController+FooterView.swift */,
				B55308CC29584A72001977B5 /* UIViewController+PresentAlert.swift */,
			);
			path = Extensions;
			sourceTree = "<group>";
		};
		B5BB78962955568C00396E66 /* Presentations */ = {
			isa = PBXGroup;
			children = (
				B563D2BD26C9749200C0ACFD /* BaseTabBarController.swift */,
				B5A4AD6125CE69A900DBE58C /* MainPageViewController.swift */,
				B5FA8DAE249F666B0009B24B /* Main.storyboard */,
				B5A4AD6825CE70B600DBE58C /* RecordScene */,
				B5BB7897295556EE00396E66 /* CalendarScene */,
				B5909C9125E78B1300AC401A /* SettingsScene */,
			);
			path = Presentations;
			sourceTree = "<group>";
		};
		B5BB7897295556EE00396E66 /* CalendarScene */ = {
			isa = PBXGroup;
			children = (
				B5A4AD6925CE70D800DBE58C /* CalendarController.swift */,
				B561165025D37B3A00C0D94B /* CalendarListViewController.swift */,
				B561165325D37B5300C0D94B /* CalendarListViewController.storyboard */,
				B5616DD325EE83D900A0103E /* SelectDateController.swift */,
				B5616DD625EE83ED00A0103E /* SelectDateController.storyboard */,
			);
			path = CalendarScene;
			sourceTree = "<group>";
		};
		B5BB78A229558DB700396E66 /* DTO */ = {
			isa = PBXGroup;
			children = (
				B5E870DA28434D5700FB0E3D /* SearchResponseDTO.swift */,
				B5E870D4284342E100FB0E3D /* BookInfoResponseDTO.swift */,
			);
			path = DTO;
			sourceTree = "<group>";
		};
		B5BB78A329558DBE00396E66 /* Repositories */ = {
			isa = PBXGroup;
			children = (
				B5BB78A629558DFF00396E66 /* RecordScene */,
			);
			path = Repositories;
			sourceTree = "<group>";
		};
		B5BB78A629558DFF00396E66 /* RecordScene */ = {
			isa = PBXGroup;
			children = (
				B55A72C62955DC67003E5CD1 /* SearchRepository.swift */,
				B5BB78A429558DEB00396E66 /* SearchRemoteRepository.swift */,
			);
			path = RecordScene;
			sourceTree = "<group>";
		};
		B5CEE3A128433287007AEF00 /* NetworkManager */ = {
			isa = PBXGroup;
			children = (
				B5BB789E295579A100396E66 /* NetworkError.swift */,
				B5BB78A02955845E00396E66 /* HTTPMethod.swift */,
				B5E870E3284352CB00FB0E3D /* NaverClientData.swift */,
				B5BB789A295568C700396E66 /* NetworkManager.swift */,
				B5BB78A729559E4B00396E66 /* Endpoint.swift */,
			);
			path = NetworkManager;
			sourceTree = "<group>";
		};
		B5CEE3A2284332B7007AEF00 /* Domain */ = {
			isa = PBXGroup;
			children = (
				B5BB78A229558DB700396E66 /* DTO */,
				B5BB78A329558DBE00396E66 /* Repositories */,
				B55A72CC2955E337003E5CD1 /* UseCases */,
				B5E870D62843432100FB0E3D /* BookInfo.swift */,
				B5E870D22843429700FB0E3D /* HeartContent.swift */,
				B5E870D8284343BB00FB0E3D /* RecordContent.swift */,
			);
			path = Domain;
			sourceTree = "<group>";
		};
		B5D190A924A4A72E00F1DCDB /* MyLibrary */ = {
			isa = PBXGroup;
			children = (
				B5D190AA24A4A78200F1DCDB /* AddBookViewController.swift */,
				B5D190AC24A4A78E00F1DCDB /* AddBookViewController.storyboard */,
				B59D832324C0215200797D5F /* DetailRecViewController.swift */,
				B59D832524C0215F00797D5F /* DetailRecVC.storyboard */,
				B536B8E724BEF9EC005D2F6B /* SelectView.swift */,
				B536B8E924BEF9F9005D2F6B /* SelectView.xib */,
				B52C453825FA5AFA00EED195 /* AddRecordViewController.swift */,
				B52C453B25FA5B0C00EED195 /* AddRecordViewController.storyboard */,
			);
			path = MyLibrary;
			sourceTree = "<group>";
		};
		B5E870DC28434D7800FB0E3D /* Utils */ = {
			isa = PBXGroup;
			children = (
				B5CEE3A128433287007AEF00 /* NetworkManager */,
				B5BB7895295552DC00396E66 /* Extensions */,
				B5E870E72843536F00FB0E3D /* ImageDownloader.swift */,
				B50D93F625C82FA100AAED67 /* DatabaseManager.swift */,
			);
			path = Utils;
			sourceTree = "<group>";
		};
		B5FA8D9C249F666A0009B24B = {
			isa = PBXGroup;
			children = (
				B5FA8DA7249F666B0009B24B /* WiseBookLife */,
				B5FA8DA6249F666B0009B24B /* Products */,
				E0A60361FA1AB4CA0EC739D3 /* Pods */,
				EDD2400FACA0A398AE23E954 /* Frameworks */,
			);
			sourceTree = "<group>";
		};
		B5FA8DA6249F666B0009B24B /* Products */ = {
			isa = PBXGroup;
			children = (
				B5FA8DA5249F666B0009B24B /* WiseBookLife.app */,
			);
			name = Products;
			sourceTree = "<group>";
		};
		B5FA8DA7249F666B0009B24B /* WiseBookLife */ = {
			isa = PBXGroup;
			children = (
				B5B3F31825B2CC0600A3CC14 /* ClientData */,
				B5CEE3A2284332B7007AEF00 /* Domain */,
				B5BB78962955568C00396E66 /* Presentations */,
				B5BB78942955516B00396E66 /* Resources */,
				B5E870DC28434D7800FB0E3D /* Utils */,
			);
			path = WiseBookLife;
			sourceTree = "<group>";
		};
		E0A60361FA1AB4CA0EC739D3 /* Pods */ = {
			isa = PBXGroup;
			children = (
				E49A3D26278209CA641CEA66 /* Pods-WiseBookLife.debug.xcconfig */,
				7EDD8D23E795D42807E097AA /* Pods-WiseBookLife.release.xcconfig */,
			);
			path = Pods;
			sourceTree = "<group>";
		};
		EDD2400FACA0A398AE23E954 /* Frameworks */ = {
			isa = PBXGroup;
			children = (
				E8872CF7F0EFDD4D3074F6CB /* Pods_WiseBookLife.framework */,
			);
			name = Frameworks;
			sourceTree = "<group>";
		};
/* End PBXGroup section */

/* Begin PBXNativeTarget section */
		B5FA8DA4249F666B0009B24B /* WiseBookLife */ = {
			isa = PBXNativeTarget;
			buildConfigurationList = B5FA8DB9249F666B0009B24B /* Build configuration list for PBXNativeTarget "WiseBookLife" */;
			buildPhases = (
				38004AB229CA664488E1747E /* [CP] Check Pods Manifest.lock */,
				B5FA8DA1249F666B0009B24B /* Sources */,
				B5FA8DA2249F666B0009B24B /* Frameworks */,
				B5FA8DA3249F666B0009B24B /* Resources */,
				70213D32A66484C2DAACEBF5 /* [CP] Embed Pods Frameworks */,
			);
			buildRules = (
			);
			dependencies = (
			);
			name = WiseBookLife;
			productName = WiseBookLife;
			productReference = B5FA8DA5249F666B0009B24B /* WiseBookLife.app */;
			productType = "com.apple.product-type.application";
		};
/* End PBXNativeTarget section */

/* Begin PBXProject section */
		B5FA8D9D249F666A0009B24B /* Project object */ = {
			isa = PBXProject;
			attributes = {
				LastSwiftUpdateCheck = 1150;
				LastUpgradeCheck = 1240;
				ORGANIZATIONNAME = "서보경";
				TargetAttributes = {
					B5FA8DA4249F666B0009B24B = {
						CreatedOnToolsVersion = 11.5;
					};
				};
			};
			buildConfigurationList = B5FA8DA0249F666A0009B24B /* Build configuration list for PBXProject "WiseBookLife" */;
			compatibilityVersion = "Xcode 9.3";
			developmentRegion = en;
			hasScannedForEncodings = 0;
			knownRegions = (
				en,
				Base,
			);
			mainGroup = B5FA8D9C249F666A0009B24B;
			productRefGroup = B5FA8DA6249F666B0009B24B /* Products */;
			projectDirPath = "";
			projectRoot = "";
			targets = (
				B5FA8DA4249F666B0009B24B /* WiseBookLife */,
			);
		};
/* End PBXProject section */

/* Begin PBXResourcesBuildPhase section */
		B5FA8DA3249F666B0009B24B /* Resources */ = {
			isa = PBXResourcesBuildPhase;
			buildActionMask = 2147483647;
			files = (
				B52C453C25FA5B0C00EED195 /* AddRecordViewController.storyboard in Resources */,
				B561165425D37B5300C0D94B /* CalendarListViewController.storyboard in Resources */,
				B5EF459925D1781D00165604 /* CustomCell.xib in Resources */,
				B5FA8DB5249F666B0009B24B /* LaunchScreen.storyboard in Resources */,
				B5D190AD24A4A78E00F1DCDB /* AddBookViewController.storyboard in Resources */,
				B56380F827413B1200181008 /* Licenses.plist in Resources */,
				B5D2346725E7C7F5004AC964 /* AppInfoViewController.storyboard in Resources */,
				B5B3F31A25B2CC3800A3CC14 /* ApplicationInfo.plist in Resources */,
				B57883D924ACC86C00B8D1F0 /* CommonCell.xib in Resources */,
				B5001AAC278F140D00219175 /* ExportManagerViewController.storyboard in Resources */,
				B5616DD725EE83ED00A0103E /* SelectDateController.storyboard in Resources */,
				B56B972824DFB97800347D11 /* MainSearchResultViewController.storyboard in Resources */,
				B5FA8DB2249F666B0009B24B /* Assets.xcassets in Resources */,
				B536B8EA24BEF9F9005D2F6B /* SelectView.xib in Resources */,
				B59D832624C0215F00797D5F /* DetailRecVC.storyboard in Resources */,
				B5A6F42C24F390D30048000E /* BookDetailViewController.storyboard in Resources */,
				B5EDF2E5273C325F009F0F33 /* ShowLicenseController.storyboard in Resources */,
				B5FA8DB0249F666B0009B24B /* Main.storyboard in Resources */,
			);
			runOnlyForDeploymentPostprocessing = 0;
		};
/* End PBXResourcesBuildPhase section */

/* Begin PBXShellScriptBuildPhase section */
		38004AB229CA664488E1747E /* [CP] Check Pods Manifest.lock */ = {
			isa = PBXShellScriptBuildPhase;
			buildActionMask = 2147483647;
			files = (
			);
			inputFileListPaths = (
			);
			inputPaths = (
				"${PODS_PODFILE_DIR_PATH}/Podfile.lock",
				"${PODS_ROOT}/Manifest.lock",
			);
			name = "[CP] Check Pods Manifest.lock";
			outputFileListPaths = (
			);
			outputPaths = (
				"$(DERIVED_FILE_DIR)/Pods-WiseBookLife-checkManifestLockResult.txt",
			);
			runOnlyForDeploymentPostprocessing = 0;
			shellPath = /bin/sh;
			shellScript = "diff \"${PODS_PODFILE_DIR_PATH}/Podfile.lock\" \"${PODS_ROOT}/Manifest.lock\" > /dev/null\nif [ $? != 0 ] ; then\n    # print error to STDERR\n    echo \"error: The sandbox is not in sync with the Podfile.lock. Run 'pod install' or update your CocoaPods installation.\" >&2\n    exit 1\nfi\n# This output is used by Xcode 'outputs' to avoid re-running this script phase.\necho \"SUCCESS\" > \"${SCRIPT_OUTPUT_FILE_0}\"\n";
			showEnvVarsInLog = 0;
		};
		70213D32A66484C2DAACEBF5 /* [CP] Embed Pods Frameworks */ = {
			isa = PBXShellScriptBuildPhase;
			buildActionMask = 2147483647;
			files = (
			);
			inputFileListPaths = (
				"${PODS_ROOT}/Target Support Files/Pods-WiseBookLife/Pods-WiseBookLife-frameworks-${CONFIGURATION}-input-files.xcfilelist",
			);
			name = "[CP] Embed Pods Frameworks";
			outputFileListPaths = (
				"${PODS_ROOT}/Target Support Files/Pods-WiseBookLife/Pods-WiseBookLife-frameworks-${CONFIGURATION}-output-files.xcfilelist",
			);
			runOnlyForDeploymentPostprocessing = 0;
			shellPath = /bin/sh;
			shellScript = "\"${PODS_ROOT}/Target Support Files/Pods-WiseBookLife/Pods-WiseBookLife-frameworks.sh\"\n";
			showEnvVarsInLog = 0;
		};
/* End PBXShellScriptBuildPhase section */

/* Begin PBXSourcesBuildPhase section */
		B5FA8DA1249F666B0009B24B /* Sources */ = {
			isa = PBXSourcesBuildPhase;
			buildActionMask = 2147483647;
			files = (
				B5BB78A12955845E00396E66 /* HTTPMethod.swift in Sources */,
				B5BB789B295568C700396E66 /* NetworkManager.swift in Sources */,
				B56B972624DFB96C00347D11 /* MainSearchResultViewController.swift in Sources */,
				B5A4AD6A25CE70D800DBE58C /* CalendarController.swift in Sources */,
				B563D2BE26C9749200C0ACFD /* BaseTabBarController.swift in Sources */,
				B59D832424C0215200797D5F /* DetailRecViewController.swift in Sources */,
				B5BB78A529558DEB00396E66 /* SearchRemoteRepository.swift in Sources */,
				B57D47302693360600ADCADE /* UIViewController+FooterView.swift in Sources */,
				B55308CD29584A72001977B5 /* UIViewController+PresentAlert.swift in Sources */,
				B52C453925FA5AFA00EED195 /* AddRecordViewController.swift in Sources */,
				B5E870DB28434D5700FB0E3D /* SearchResponseDTO.swift in Sources */,
				B5E870E228434DF600FB0E3D /* String+RemoveHTMLTag.swift in Sources */,
				B5E870D5284342E100FB0E3D /* BookInfoResponseDTO.swift in Sources */,
				B5E870D9284343BB00FB0E3D /* RecordContent.swift in Sources */,
				B55A72CB2955E2A8003E5CD1 /* MainSearchViewModel.swift in Sources */,
				B5FA8DA9249F666B0009B24B /* AppDelegate.swift in Sources */,
				B5EDF2E3273C322B009F0F33 /* ShowLicenseController.swift in Sources */,
				B5909C9325E78C6E00AC401A /* AppInfoViewController.swift in Sources */,
				B5E870E028434DBD00FB0E3D /* Dictionary+QueryString.swift in Sources */,
				B5EF459825D1781D00165604 /* CustomCell.swift in Sources */,
				B572CE8A24A0831D00702C6E /* MyLibraryViewController.swift in Sources */,
				B536B8E824BEF9EC005D2F6B /* SelectView.swift in Sources */,
				B55308D329588957001977B5 /* NSObject+Name.swift in Sources */,
				B55A72C72955DC67003E5CD1 /* SearchRepository.swift in Sources */,
				B5E870D32843429700FB0E3D /* HeartContent.swift in Sources */,
				B5E870D72843432100FB0E3D /* BookInfo.swift in Sources */,
				B50D93F725C82FA100AAED67 /* DatabaseManager.swift in Sources */,
				B55308D92958A9B7001977B5 /* NSObject+LoadViewController.swift in Sources */,
				B5A6F42824F3904F0048000E /* BookDetailViewController.swift in Sources */,
				B5001AAA278F13FB00219175 /* ExportManagerViewController.swift in Sources */,
				B55308D52958A55C001977B5 /* CommonCellDelegate.swift in Sources */,
				B572CE8E24A0908200702C6E /* RecordCell.swift in Sources */,
				B57883D824ACC86C00B8D1F0 /* CommonCell.swift in Sources */,
				B5E870DE28434D8F00FB0E3D /* Date+Formatter.swift in Sources */,
				B5A4AD6225CE69A900DBE58C /* MainPageViewController.swift in Sources */,
				B5D190AB24A4A78200F1DCDB /* AddBookViewController.swift in Sources */,
				B5AFB9F724A360370072DAD8 /* HeartListViewController.swift in Sources */,
				B55A72CE2955E34E003E5CD1 /* SearchUseCases.swift in Sources */,
				B55A72D12956086E003E5CD1 /* MainSearchViewModelDelegate.swift in Sources */,
				B5616DD425EE83D900A0103E /* SelectDateController.swift in Sources */,
				B5E870E4284352CB00FB0E3D /* NaverClientData.swift in Sources */,
				B5BB78A829559E4B00396E66 /* Endpoint.swift in Sources */,
				B5909C8E25E7551400AC401A /* SettingsController.swift in Sources */,
				B561165125D37B3A00C0D94B /* CalendarListViewController.swift in Sources */,
				B5D5C0F6295B00A1005D6341 /* UIColor+Primary.swift in Sources */,
				B5E870E82843536F00FB0E3D /* ImageDownloader.swift in Sources */,
				B5FA8DAB249F666B0009B24B /* SceneDelegate.swift in Sources */,
				B5BB789F295579A100396E66 /* NetworkError.swift in Sources */,
			);
			runOnlyForDeploymentPostprocessing = 0;
		};
/* End PBXSourcesBuildPhase section */

/* Begin PBXVariantGroup section */
		B5FA8DAE249F666B0009B24B /* Main.storyboard */ = {
			isa = PBXVariantGroup;
			children = (
				B5FA8DAF249F666B0009B24B /* Base */,
			);
			name = Main.storyboard;
			sourceTree = "<group>";
		};
		B5FA8DB3249F666B0009B24B /* LaunchScreen.storyboard */ = {
			isa = PBXVariantGroup;
			children = (
				B5FA8DB4249F666B0009B24B /* Base */,
			);
			name = LaunchScreen.storyboard;
			sourceTree = "<group>";
		};
/* End PBXVariantGroup section */

/* Begin XCBuildConfiguration section */
		B5FA8DB7249F666B0009B24B /* Debug */ = {
			isa = XCBuildConfiguration;
			buildSettings = {
				ALWAYS_SEARCH_USER_PATHS = NO;
				CLANG_ANALYZER_NONNULL = YES;
				CLANG_ANALYZER_NUMBER_OBJECT_CONVERSION = YES_AGGRESSIVE;
				CLANG_CXX_LANGUAGE_STANDARD = "gnu++14";
				CLANG_CXX_LIBRARY = "libc++";
				CLANG_ENABLE_MODULES = YES;
				CLANG_ENABLE_OBJC_ARC = YES;
				CLANG_ENABLE_OBJC_WEAK = YES;
				CLANG_WARN_BLOCK_CAPTURE_AUTORELEASING = YES;
				CLANG_WARN_BOOL_CONVERSION = YES;
				CLANG_WARN_COMMA = YES;
				CLANG_WARN_CONSTANT_CONVERSION = YES;
				CLANG_WARN_DEPRECATED_OBJC_IMPLEMENTATIONS = YES;
				CLANG_WARN_DIRECT_OBJC_ISA_USAGE = YES_ERROR;
				CLANG_WARN_DOCUMENTATION_COMMENTS = YES;
				CLANG_WARN_EMPTY_BODY = YES;
				CLANG_WARN_ENUM_CONVERSION = YES;
				CLANG_WARN_INFINITE_RECURSION = YES;
				CLANG_WARN_INT_CONVERSION = YES;
				CLANG_WARN_NON_LITERAL_NULL_CONVERSION = YES;
				CLANG_WARN_OBJC_IMPLICIT_RETAIN_SELF = YES;
				CLANG_WARN_OBJC_LITERAL_CONVERSION = YES;
				CLANG_WARN_OBJC_ROOT_CLASS = YES_ERROR;
				CLANG_WARN_QUOTED_INCLUDE_IN_FRAMEWORK_HEADER = YES;
				CLANG_WARN_RANGE_LOOP_ANALYSIS = YES;
				CLANG_WARN_STRICT_PROTOTYPES = YES;
				CLANG_WARN_SUSPICIOUS_MOVE = YES;
				CLANG_WARN_UNGUARDED_AVAILABILITY = YES_AGGRESSIVE;
				CLANG_WARN_UNREACHABLE_CODE = YES;
				CLANG_WARN__DUPLICATE_METHOD_MATCH = YES;
				COPY_PHASE_STRIP = NO;
				DEBUG_INFORMATION_FORMAT = dwarf;
				ENABLE_STRICT_OBJC_MSGSEND = YES;
				ENABLE_TESTABILITY = YES;
				GCC_C_LANGUAGE_STANDARD = gnu11;
				GCC_DYNAMIC_NO_PIC = NO;
				GCC_NO_COMMON_BLOCKS = YES;
				GCC_OPTIMIZATION_LEVEL = 0;
				GCC_PREPROCESSOR_DEFINITIONS = (
					"DEBUG=1",
					"$(inherited)",
				);
				GCC_WARN_64_TO_32_BIT_CONVERSION = YES;
				GCC_WARN_ABOUT_RETURN_TYPE = YES_ERROR;
				GCC_WARN_UNDECLARED_SELECTOR = YES;
				GCC_WARN_UNINITIALIZED_AUTOS = YES_AGGRESSIVE;
				GCC_WARN_UNUSED_FUNCTION = YES;
				GCC_WARN_UNUSED_VARIABLE = YES;
				IPHONEOS_DEPLOYMENT_TARGET = 13.0;
				MTL_ENABLE_DEBUG_INFO = INCLUDE_SOURCE;
				MTL_FAST_MATH = YES;
				ONLY_ACTIVE_ARCH = YES;
				SDKROOT = iphoneos;
				SWIFT_ACTIVE_COMPILATION_CONDITIONS = DEBUG;
				SWIFT_OPTIMIZATION_LEVEL = "-Onone";
			};
			name = Debug;
		};
		B5FA8DB8249F666B0009B24B /* Release */ = {
			isa = XCBuildConfiguration;
			buildSettings = {
				ALWAYS_SEARCH_USER_PATHS = NO;
				CLANG_ANALYZER_NONNULL = YES;
				CLANG_ANALYZER_NUMBER_OBJECT_CONVERSION = YES_AGGRESSIVE;
				CLANG_CXX_LANGUAGE_STANDARD = "gnu++14";
				CLANG_CXX_LIBRARY = "libc++";
				CLANG_ENABLE_MODULES = YES;
				CLANG_ENABLE_OBJC_ARC = YES;
				CLANG_ENABLE_OBJC_WEAK = YES;
				CLANG_WARN_BLOCK_CAPTURE_AUTORELEASING = YES;
				CLANG_WARN_BOOL_CONVERSION = YES;
				CLANG_WARN_COMMA = YES;
				CLANG_WARN_CONSTANT_CONVERSION = YES;
				CLANG_WARN_DEPRECATED_OBJC_IMPLEMENTATIONS = YES;
				CLANG_WARN_DIRECT_OBJC_ISA_USAGE = YES_ERROR;
				CLANG_WARN_DOCUMENTATION_COMMENTS = YES;
				CLANG_WARN_EMPTY_BODY = YES;
				CLANG_WARN_ENUM_CONVERSION = YES;
				CLANG_WARN_INFINITE_RECURSION = YES;
				CLANG_WARN_INT_CONVERSION = YES;
				CLANG_WARN_NON_LITERAL_NULL_CONVERSION = YES;
				CLANG_WARN_OBJC_IMPLICIT_RETAIN_SELF = YES;
				CLANG_WARN_OBJC_LITERAL_CONVERSION = YES;
				CLANG_WARN_OBJC_ROOT_CLASS = YES_ERROR;
				CLANG_WARN_QUOTED_INCLUDE_IN_FRAMEWORK_HEADER = YES;
				CLANG_WARN_RANGE_LOOP_ANALYSIS = YES;
				CLANG_WARN_STRICT_PROTOTYPES = YES;
				CLANG_WARN_SUSPICIOUS_MOVE = YES;
				CLANG_WARN_UNGUARDED_AVAILABILITY = YES_AGGRESSIVE;
				CLANG_WARN_UNREACHABLE_CODE = YES;
				CLANG_WARN__DUPLICATE_METHOD_MATCH = YES;
				COPY_PHASE_STRIP = NO;
				DEBUG_INFORMATION_FORMAT = "dwarf-with-dsym";
				ENABLE_NS_ASSERTIONS = NO;
				ENABLE_STRICT_OBJC_MSGSEND = YES;
				GCC_C_LANGUAGE_STANDARD = gnu11;
				GCC_NO_COMMON_BLOCKS = YES;
				GCC_WARN_64_TO_32_BIT_CONVERSION = YES;
				GCC_WARN_ABOUT_RETURN_TYPE = YES_ERROR;
				GCC_WARN_UNDECLARED_SELECTOR = YES;
				GCC_WARN_UNINITIALIZED_AUTOS = YES_AGGRESSIVE;
				GCC_WARN_UNUSED_FUNCTION = YES;
				GCC_WARN_UNUSED_VARIABLE = YES;
				IPHONEOS_DEPLOYMENT_TARGET = 13.0;
				MTL_ENABLE_DEBUG_INFO = NO;
				MTL_FAST_MATH = YES;
				SDKROOT = iphoneos;
				SWIFT_COMPILATION_MODE = wholemodule;
				SWIFT_OPTIMIZATION_LEVEL = "-O";
				VALIDATE_PRODUCT = YES;
			};
			name = Release;
		};
		B5FA8DBA249F666B0009B24B /* Debug */ = {
			isa = XCBuildConfiguration;
			baseConfigurationReference = E49A3D26278209CA641CEA66 /* Pods-WiseBookLife.debug.xcconfig */;
			buildSettings = {
				ASSETCATALOG_COMPILER_APPICON_NAME = AppIcon;
				CODE_SIGN_STYLE = Automatic;
				CURRENT_PROJECT_VERSION = 202202092;
				DEVELOPMENT_TEAM = NSCRL9SYQK;
				INFOPLIST_FILE = WiseBookLife/Resources/Info.plist;
				IPHONEOS_DEPLOYMENT_TARGET = 14.0;
				LD_RUNPATH_SEARCH_PATHS = (
					"$(inherited)",
					"@executable_path/Frameworks",
				);
				MARKETING_VERSION = 1.0.1;
				PRODUCT_BUNDLE_IDENTIFIER = com.sbk.WiseBookLife;
				PRODUCT_NAME = "$(TARGET_NAME)";
				SWIFT_VERSION = 5.0;
				TARGETED_DEVICE_FAMILY = 1;
			};
			name = Debug;
		};
		B5FA8DBB249F666B0009B24B /* Release */ = {
			isa = XCBuildConfiguration;
			baseConfigurationReference = 7EDD8D23E795D42807E097AA /* Pods-WiseBookLife.release.xcconfig */;
			buildSettings = {
				ASSETCATALOG_COMPILER_APPICON_NAME = AppIcon;
				CODE_SIGN_STYLE = Automatic;
				CURRENT_PROJECT_VERSION = 202202092;
				DEVELOPMENT_TEAM = NSCRL9SYQK;
				INFOPLIST_FILE = WiseBookLife/Resources/Info.plist;
				IPHONEOS_DEPLOYMENT_TARGET = 14.0;
				LD_RUNPATH_SEARCH_PATHS = (
					"$(inherited)",
					"@executable_path/Frameworks",
				);
				MARKETING_VERSION = 1.0.1;
				PRODUCT_BUNDLE_IDENTIFIER = com.sbk.WiseBookLife;
				PRODUCT_NAME = "$(TARGET_NAME)";
				SWIFT_VERSION = 5.0;
				TARGETED_DEVICE_FAMILY = 1;
			};
			name = Release;
		};
/* End XCBuildConfiguration section */

/* Begin XCConfigurationList section */
		B5FA8DA0249F666A0009B24B /* Build configuration list for PBXProject "WiseBookLife" */ = {
			isa = XCConfigurationList;
			buildConfigurations = (
				B5FA8DB7249F666B0009B24B /* Debug */,
				B5FA8DB8249F666B0009B24B /* Release */,
			);
			defaultConfigurationIsVisible = 0;
			defaultConfigurationName = Release;
		};
		B5FA8DB9249F666B0009B24B /* Build configuration list for PBXNativeTarget "WiseBookLife" */ = {
			isa = XCConfigurationList;
			buildConfigurations = (
				B5FA8DBA249F666B0009B24B /* Debug */,
				B5FA8DBB249F666B0009B24B /* Release */,
			);
			defaultConfigurationIsVisible = 0;
			defaultConfigurationName = Release;
		};
/* End XCConfigurationList section */
	};
	rootObject = B5FA8D9D249F666A0009B24B /* Project object */;
}
